
Microsoft Visual Studio Solution File, Format Version 12.00
# Visual Studio Version 17
VisualStudioVersion = 17.8.34330.188
MinimumVisualStudioVersion = 10.0.40219.1
Project("{9A19103F-16F7-4668-BE54-9A1E7A4F7556}") = "DesignPatternExploration", "DesignPatternExploration.csproj", "{AD7801AC-3991-4059-ADC0-5C5F9EDF8144}"
EndProject
Global
	GlobalSection(SolutionConfigurationPlatforms) = preSolution
		Debug|Any CPU = Debug|Any CPU
		Release|Any CPU = Release|Any CPU
	EndGlobalSection
	GlobalSection(ProjectConfigurationPlatforms) = postSolution
		{AD7801AC-3991-4059-ADC0-5C5F9EDF8144}.Debug|Any CPU.ActiveCfg = Debug|Any CPU
		{AD7801AC-3991-4059-ADC0-5C5F9EDF8144}.Debug|Any CPU.Build.0 = Debug|Any CPU
		{AD7801AC-3991-4059-ADC0-5C5F9EDF8144}.Release|Any CPU.ActiveCfg = Release|Any CPU
		{AD7801AC-3991-4059-ADC0-5C5F9EDF8144}.Release|Any CPU.Build.0 = Release|Any CPU
	EndGlobalSection
	GlobalSection(SolutionProperties) = preSolution
		HideSolutionNode = FALSE
	EndGlobalSection
	GlobalSection(ExtensibilityGlobals) = postSolution
		SolutionGuid = {58356C3C-D754-4D3B-A7BA-EC79AE2332AE}
	EndGlobalSection
EndGlobal
